<?xml version="1.0" encoding="utf-8"?>
<Project ToolsVersion="17.0" xmlns="http://schemas.microsoft.com/developer/msbuild/2003">
  <ItemGroup>
    <CustomBuild Include="C:\Users\Emma\Documents\VTK-projects\MedicalDemo3\build\CMakeFiles\60b600c129a47c40b7a0b42867eadd34\generate.stamp.rule">
      <Filter>CMake Rules</Filter>
    </CustomBuild>
  </ItemGroup>
  <ItemGroup>
    <Filter Include="CMake Rules">
      <UniqueIdentifier>{7806D860-93DD-3776-BB2A-18690D624038}</UniqueIdentifier>
    </Filter>
  </ItemGroup>
</Project>
